# generated by rye
# use `rye lock` or `rye sync` to update this lockfile
#
# last locked with the following flags:
#   pre: false
#   features: []
#   all-features: false
#   with-sources: false
#   generate-hashes: false
#   universal: false

-e file:.
certifi==2024.7.4
    # via requests
charset-normalizer==3.3.2
    # via requests
httpretty==1.1.4
    # via mlack
idna==3.7
    # via requests
names==0.3.0
    # via mlack
requests==2.32.3
    # via mlack
slack-sdk==3.31.0
    # via mlack
urllib3==2.2.2
    # via requests
